
Microsoft Visual Studio Solution File, Format Version 12.00
# Visual Studio Version 16
VisualStudioVersion = 16.0.31105.61
MinimumVisualStudioVersion = 10.0.40219.1
Project("{9A19103F-16F7-4668-BE54-9A1E7A4F7556}") = "AbstractFactory", "AbstractFactory\AbstractFactory.csproj", "{9DEBD4A5-D006-4CC9-817E-524A89F35D35}"
EndProject
Project("{9A19103F-16F7-4668-BE54-9A1E7A4F7556}") = "FactoryMethod", "FactoryMethod\FactoryMethod.csproj", "{0BF1C484-7E9F-4C22-B672-9453C1AC7CBB}"
EndProject
Project("{9A19103F-16F7-4668-BE54-9A1E7A4F7556}") = "Prototype", "Prototype\Prototype.csproj", "{32D6FE15-B3E7-42D6-9238-0429DF558AA1}"
EndProject
Project("{9A19103F-16F7-4668-BE54-9A1E7A4F7556}") = "Builder", "Builder\Builder.csproj", "{B1719372-8800-45B8-BF6A-DED0C2D8FF43}"
EndProject
Project("{9A19103F-16F7-4668-BE54-9A1E7A4F7556}") = "Singleton", "Singleton\Singleton.csproj", "{FEA276DA-8040-41F4-B054-208095106DF3}"
EndProject
Project("{9A19103F-16F7-4668-BE54-9A1E7A4F7556}") = "Adapter", "Adapter\Adapter.csproj", "{A2AF0A64-B146-4D34-B211-932A45D036A5}"
EndProject
Project("{9A19103F-16F7-4668-BE54-9A1E7A4F7556}") = "Bridge", "Bridge\Bridge.csproj", "{C1C04ED4-B0D7-4DE3-9D08-567F2C9BF413}"
EndProject
Project("{9A19103F-16F7-4668-BE54-9A1E7A4F7556}") = "Composite", "Composite\Composite.csproj", "{B5CA907F-0314-496D-9E1F-54C98CA8B6D5}"
EndProject
Project("{9A19103F-16F7-4668-BE54-9A1E7A4F7556}") = "Decorator", "Decorator\Decorator.csproj", "{D92B15F9-FD42-4E58-AE92-43B57F74D7BC}"
EndProject
Project("{9A19103F-16F7-4668-BE54-9A1E7A4F7556}") = "Facade", "Facade\Facade.csproj", "{6383C4F8-A0B3-4E9B-B574-091CAEC7314D}"
EndProject
Project("{9A19103F-16F7-4668-BE54-9A1E7A4F7556}") = "Proxy", "Proxy\Proxy.csproj", "{19A16F10-35EC-4759-9317-32CE21DEA094}"
EndProject
Project("{9A19103F-16F7-4668-BE54-9A1E7A4F7556}") = "Flyweight", "Flyweight\Flyweight.csproj", "{0EDB3E6D-D234-4B97-BC15-93E8EFCC783A}"
EndProject
Project("{9A19103F-16F7-4668-BE54-9A1E7A4F7556}") = "CoR", "CoR\CoR.csproj", "{87CBD935-699A-4A58-BBD1-F1BF4E32C5A1}"
EndProject
Project("{9A19103F-16F7-4668-BE54-9A1E7A4F7556}") = "Command", "Command\Command.csproj", "{392CF80D-6396-4183-8D16-E2AA8E38BF34}"
EndProject
Project("{9A19103F-16F7-4668-BE54-9A1E7A4F7556}") = "Iterator", "Iterator\Iterator.csproj", "{91DFD911-53D0-4361-B8BB-E06B3B035607}"
EndProject
Project("{FAE04EC0-301F-11D3-BF4B-00C04F79EFBC}") = "Mediator", "Mediator\Mediator.csproj", "{93607C88-A3A5-4B0B-A820-8CC505816E21}"
EndProject
Global
	GlobalSection(SolutionConfigurationPlatforms) = preSolution
		Debug|Any CPU = Debug|Any CPU
		Release|Any CPU = Release|Any CPU
	EndGlobalSection
	GlobalSection(ProjectConfigurationPlatforms) = postSolution
		{9DEBD4A5-D006-4CC9-817E-524A89F35D35}.Debug|Any CPU.ActiveCfg = Debug|Any CPU
		{9DEBD4A5-D006-4CC9-817E-524A89F35D35}.Debug|Any CPU.Build.0 = Debug|Any CPU
		{9DEBD4A5-D006-4CC9-817E-524A89F35D35}.Release|Any CPU.ActiveCfg = Release|Any CPU
		{9DEBD4A5-D006-4CC9-817E-524A89F35D35}.Release|Any CPU.Build.0 = Release|Any CPU
		{0BF1C484-7E9F-4C22-B672-9453C1AC7CBB}.Debug|Any CPU.ActiveCfg = Debug|Any CPU
		{0BF1C484-7E9F-4C22-B672-9453C1AC7CBB}.Debug|Any CPU.Build.0 = Debug|Any CPU
		{0BF1C484-7E9F-4C22-B672-9453C1AC7CBB}.Release|Any CPU.ActiveCfg = Release|Any CPU
		{0BF1C484-7E9F-4C22-B672-9453C1AC7CBB}.Release|Any CPU.Build.0 = Release|Any CPU
		{32D6FE15-B3E7-42D6-9238-0429DF558AA1}.Debug|Any CPU.ActiveCfg = Debug|Any CPU
		{32D6FE15-B3E7-42D6-9238-0429DF558AA1}.Debug|Any CPU.Build.0 = Debug|Any CPU
		{32D6FE15-B3E7-42D6-9238-0429DF558AA1}.Release|Any CPU.ActiveCfg = Release|Any CPU
		{32D6FE15-B3E7-42D6-9238-0429DF558AA1}.Release|Any CPU.Build.0 = Release|Any CPU
		{B1719372-8800-45B8-BF6A-DED0C2D8FF43}.Debug|Any CPU.ActiveCfg = Debug|Any CPU
		{B1719372-8800-45B8-BF6A-DED0C2D8FF43}.Debug|Any CPU.Build.0 = Debug|Any CPU
		{B1719372-8800-45B8-BF6A-DED0C2D8FF43}.Release|Any CPU.ActiveCfg = Release|Any CPU
		{B1719372-8800-45B8-BF6A-DED0C2D8FF43}.Release|Any CPU.Build.0 = Release|Any CPU
		{FEA276DA-8040-41F4-B054-208095106DF3}.Debug|Any CPU.ActiveCfg = Debug|Any CPU
		{FEA276DA-8040-41F4-B054-208095106DF3}.Debug|Any CPU.Build.0 = Debug|Any CPU
		{FEA276DA-8040-41F4-B054-208095106DF3}.Release|Any CPU.ActiveCfg = Release|Any CPU
		{FEA276DA-8040-41F4-B054-208095106DF3}.Release|Any CPU.Build.0 = Release|Any CPU
		{A2AF0A64-B146-4D34-B211-932A45D036A5}.Debug|Any CPU.ActiveCfg = Debug|Any CPU
		{A2AF0A64-B146-4D34-B211-932A45D036A5}.Debug|Any CPU.Build.0 = Debug|Any CPU
		{A2AF0A64-B146-4D34-B211-932A45D036A5}.Release|Any CPU.ActiveCfg = Release|Any CPU
		{A2AF0A64-B146-4D34-B211-932A45D036A5}.Release|Any CPU.Build.0 = Release|Any CPU
		{C1C04ED4-B0D7-4DE3-9D08-567F2C9BF413}.Debug|Any CPU.ActiveCfg = Debug|Any CPU
		{C1C04ED4-B0D7-4DE3-9D08-567F2C9BF413}.Debug|Any CPU.Build.0 = Debug|Any CPU
		{C1C04ED4-B0D7-4DE3-9D08-567F2C9BF413}.Release|Any CPU.ActiveCfg = Release|Any CPU
		{C1C04ED4-B0D7-4DE3-9D08-567F2C9BF413}.Release|Any CPU.Build.0 = Release|Any CPU
		{B5CA907F-0314-496D-9E1F-54C98CA8B6D5}.Debug|Any CPU.ActiveCfg = Debug|Any CPU
		{B5CA907F-0314-496D-9E1F-54C98CA8B6D5}.Debug|Any CPU.Build.0 = Debug|Any CPU
		{B5CA907F-0314-496D-9E1F-54C98CA8B6D5}.Release|Any CPU.ActiveCfg = Release|Any CPU
		{B5CA907F-0314-496D-9E1F-54C98CA8B6D5}.Release|Any CPU.Build.0 = Release|Any CPU
		{D92B15F9-FD42-4E58-AE92-43B57F74D7BC}.Debug|Any CPU.ActiveCfg = Debug|Any CPU
		{D92B15F9-FD42-4E58-AE92-43B57F74D7BC}.Debug|Any CPU.Build.0 = Debug|Any CPU
		{D92B15F9-FD42-4E58-AE92-43B57F74D7BC}.Release|Any CPU.ActiveCfg = Release|Any CPU
		{D92B15F9-FD42-4E58-AE92-43B57F74D7BC}.Release|Any CPU.Build.0 = Release|Any CPU
		{6383C4F8-A0B3-4E9B-B574-091CAEC7314D}.Debug|Any CPU.ActiveCfg = Debug|Any CPU
		{6383C4F8-A0B3-4E9B-B574-091CAEC7314D}.Debug|Any CPU.Build.0 = Debug|Any CPU
		{6383C4F8-A0B3-4E9B-B574-091CAEC7314D}.Release|Any CPU.ActiveCfg = Release|Any CPU
		{6383C4F8-A0B3-4E9B-B574-091CAEC7314D}.Release|Any CPU.Build.0 = Release|Any CPU
		{19A16F10-35EC-4759-9317-32CE21DEA094}.Debug|Any CPU.ActiveCfg = Debug|Any CPU
		{19A16F10-35EC-4759-9317-32CE21DEA094}.Debug|Any CPU.Build.0 = Debug|Any CPU
		{19A16F10-35EC-4759-9317-32CE21DEA094}.Release|Any CPU.ActiveCfg = Release|Any CPU
		{19A16F10-35EC-4759-9317-32CE21DEA094}.Release|Any CPU.Build.0 = Release|Any CPU
		{0EDB3E6D-D234-4B97-BC15-93E8EFCC783A}.Debug|Any CPU.ActiveCfg = Debug|Any CPU
		{0EDB3E6D-D234-4B97-BC15-93E8EFCC783A}.Debug|Any CPU.Build.0 = Debug|Any CPU
		{0EDB3E6D-D234-4B97-BC15-93E8EFCC783A}.Release|Any CPU.ActiveCfg = Release|Any CPU
		{0EDB3E6D-D234-4B97-BC15-93E8EFCC783A}.Release|Any CPU.Build.0 = Release|Any CPU
		{87CBD935-699A-4A58-BBD1-F1BF4E32C5A1}.Debug|Any CPU.ActiveCfg = Debug|Any CPU
		{87CBD935-699A-4A58-BBD1-F1BF4E32C5A1}.Debug|Any CPU.Build.0 = Debug|Any CPU
		{87CBD935-699A-4A58-BBD1-F1BF4E32C5A1}.Release|Any CPU.ActiveCfg = Release|Any CPU
		{87CBD935-699A-4A58-BBD1-F1BF4E32C5A1}.Release|Any CPU.Build.0 = Release|Any CPU
		{392CF80D-6396-4183-8D16-E2AA8E38BF34}.Debug|Any CPU.ActiveCfg = Debug|Any CPU
		{392CF80D-6396-4183-8D16-E2AA8E38BF34}.Debug|Any CPU.Build.0 = Debug|Any CPU
		{392CF80D-6396-4183-8D16-E2AA8E38BF34}.Release|Any CPU.ActiveCfg = Release|Any CPU
		{392CF80D-6396-4183-8D16-E2AA8E38BF34}.Release|Any CPU.Build.0 = Release|Any CPU
		{91DFD911-53D0-4361-B8BB-E06B3B035607}.Debug|Any CPU.ActiveCfg = Debug|Any CPU
		{91DFD911-53D0-4361-B8BB-E06B3B035607}.Debug|Any CPU.Build.0 = Debug|Any CPU
		{91DFD911-53D0-4361-B8BB-E06B3B035607}.Release|Any CPU.ActiveCfg = Release|Any CPU
		{91DFD911-53D0-4361-B8BB-E06B3B035607}.Release|Any CPU.Build.0 = Release|Any CPU
		{93607C88-A3A5-4B0B-A820-8CC505816E21}.Debug|Any CPU.ActiveCfg = Debug|Any CPU
		{93607C88-A3A5-4B0B-A820-8CC505816E21}.Debug|Any CPU.Build.0 = Debug|Any CPU
		{93607C88-A3A5-4B0B-A820-8CC505816E21}.Release|Any CPU.ActiveCfg = Release|Any CPU
		{93607C88-A3A5-4B0B-A820-8CC505816E21}.Release|Any CPU.Build.0 = Release|Any CPU
	EndGlobalSection
	GlobalSection(SolutionProperties) = preSolution
		HideSolutionNode = FALSE
	EndGlobalSection
	GlobalSection(ExtensibilityGlobals) = postSolution
		SolutionGuid = {6BB55132-C0E1-4034-9AC7-3C1EBB659BA3}
	EndGlobalSection
EndGlobal
